
Microsoft Visual Studio Solution File, Format Version 12.00
# Visual Studio Version 16
VisualStudioVersion = 16.0.31613.86
MinimumVisualStudioVersion = 10.0.40219.1
Project("{9A19103F-16F7-4668-BE54-9A1E7A4F7556}") = "Jerry.NetCoreDemo.WebApi", "Jerry.NetCoreDemo.WebApi\Jerry.NetCoreDemo.WebApi.csproj", "{CA578F54-6620-49C3-B961-FD448CF5C77F}"
EndProject
Project("{2150E333-8FDC-42A3-9474-1A3956D46DE8}") = "1. Web", "1. Web", "{10A1EEA8-FF62-44BB-BE48-E06ADE7168C4}"
EndProject
Project("{2150E333-8FDC-42A3-9474-1A3956D46DE8}") = "2. Service", "2. Service", "{CB412385-0F99-4073-9531-3CB51EEBF2BC}"
EndProject
Project("{2150E333-8FDC-42A3-9474-1A3956D46DE8}") = "3. Repository", "3. Repository", "{063F037C-37E5-4798-9EA7-EB615A8E2E8C}"
EndProject
Project("{2150E333-8FDC-42A3-9474-1A3956D46DE8}") = "4. Entity", "4. Entity", "{94597997-8B65-4A37-9260-16A90AA63CC2}"
EndProject
Project("{FAE04EC0-301F-11D3-BF4B-00C04F79EFBC}") = "DataBase.Models.MongoDB", "DataBase.Models.Mongo\DataBase.Models.MongoDB.csproj", "{C2265EFA-55E1-40F6-8E1A-70315F18C033}"
EndProject
Project("{FAE04EC0-301F-11D3-BF4B-00C04F79EFBC}") = "Config.Models", "Config.Models\Config.Models.csproj", "{5B67E914-34A8-4697-A646-C731DDCBA253}"
EndProject
Project("{FAE04EC0-301F-11D3-BF4B-00C04F79EFBC}") = "IRepository.MongoDB", "IRepository.MongoDB\IRepository.MongoDB.csproj", "{4942E918-8069-47D1-A95E-D0C3B6D3815B}"
EndProject
Project("{FAE04EC0-301F-11D3-BF4B-00C04F79EFBC}") = "Repository.MongoDB", "Repository.MongoDB\Repository.MongoDB.csproj", "{246E7EE2-B164-4F59-A45A-F9A9D0D5C2CC}"
EndProject
Project("{FAE04EC0-301F-11D3-BF4B-00C04F79EFBC}") = "IService.MongoDB", "IService.MongoDB\IService.MongoDB.csproj", "{04EBE62B-F57E-48B4-951F-A95FBFA29A30}"
EndProject
Project("{FAE04EC0-301F-11D3-BF4B-00C04F79EFBC}") = "Service.MongoDB", "Service.MongoDB\Service.MongoDB.csproj", "{8CFD52CA-1BEC-45B9-B551-E13F642B3410}"
EndProject
Global
	GlobalSection(SolutionConfigurationPlatforms) = preSolution
		Debug|Any CPU = Debug|Any CPU
		Release|Any CPU = Release|Any CPU
	EndGlobalSection
	GlobalSection(ProjectConfigurationPlatforms) = postSolution
		{CA578F54-6620-49C3-B961-FD448CF5C77F}.Debug|Any CPU.ActiveCfg = Debug|Any CPU
		{CA578F54-6620-49C3-B961-FD448CF5C77F}.Debug|Any CPU.Build.0 = Debug|Any CPU
		{CA578F54-6620-49C3-B961-FD448CF5C77F}.Release|Any CPU.ActiveCfg = Release|Any CPU
		{CA578F54-6620-49C3-B961-FD448CF5C77F}.Release|Any CPU.Build.0 = Release|Any CPU
		{C2265EFA-55E1-40F6-8E1A-70315F18C033}.Debug|Any CPU.ActiveCfg = Debug|Any CPU
		{C2265EFA-55E1-40F6-8E1A-70315F18C033}.Debug|Any CPU.Build.0 = Debug|Any CPU
		{C2265EFA-55E1-40F6-8E1A-70315F18C033}.Release|Any CPU.ActiveCfg = Release|Any CPU
		{C2265EFA-55E1-40F6-8E1A-70315F18C033}.Release|Any CPU.Build.0 = Release|Any CPU
		{5B67E914-34A8-4697-A646-C731DDCBA253}.Debug|Any CPU.ActiveCfg = Debug|Any CPU
		{5B67E914-34A8-4697-A646-C731DDCBA253}.Debug|Any CPU.Build.0 = Debug|Any CPU
		{5B67E914-34A8-4697-A646-C731DDCBA253}.Release|Any CPU.ActiveCfg = Release|Any CPU
		{5B67E914-34A8-4697-A646-C731DDCBA253}.Release|Any CPU.Build.0 = Release|Any CPU
		{4942E918-8069-47D1-A95E-D0C3B6D3815B}.Debug|Any CPU.ActiveCfg = Debug|Any CPU
		{4942E918-8069-47D1-A95E-D0C3B6D3815B}.Debug|Any CPU.Build.0 = Debug|Any CPU
		{4942E918-8069-47D1-A95E-D0C3B6D3815B}.Release|Any CPU.ActiveCfg = Release|Any CPU
		{4942E918-8069-47D1-A95E-D0C3B6D3815B}.Release|Any CPU.Build.0 = Release|Any CPU
		{246E7EE2-B164-4F59-A45A-F9A9D0D5C2CC}.Debug|Any CPU.ActiveCfg = Debug|Any CPU
		{246E7EE2-B164-4F59-A45A-F9A9D0D5C2CC}.Debug|Any CPU.Build.0 = Debug|Any CPU
		{246E7EE2-B164-4F59-A45A-F9A9D0D5C2CC}.Release|Any CPU.ActiveCfg = Release|Any CPU
		{246E7EE2-B164-4F59-A45A-F9A9D0D5C2CC}.Release|Any CPU.Build.0 = Release|Any CPU
		{04EBE62B-F57E-48B4-951F-A95FBFA29A30}.Debug|Any CPU.ActiveCfg = Debug|Any CPU
		{04EBE62B-F57E-48B4-951F-A95FBFA29A30}.Debug|Any CPU.Build.0 = Debug|Any CPU
		{04EBE62B-F57E-48B4-951F-A95FBFA29A30}.Release|Any CPU.ActiveCfg = Release|Any CPU
		{04EBE62B-F57E-48B4-951F-A95FBFA29A30}.Release|Any CPU.Build.0 = Release|Any CPU
		{8CFD52CA-1BEC-45B9-B551-E13F642B3410}.Debug|Any CPU.ActiveCfg = Debug|Any CPU
		{8CFD52CA-1BEC-45B9-B551-E13F642B3410}.Debug|Any CPU.Build.0 = Debug|Any CPU
		{8CFD52CA-1BEC-45B9-B551-E13F642B3410}.Release|Any CPU.ActiveCfg = Release|Any CPU
		{8CFD52CA-1BEC-45B9-B551-E13F642B3410}.Release|Any CPU.Build.0 = Release|Any CPU
	EndGlobalSection
	GlobalSection(SolutionProperties) = preSolution
		HideSolutionNode = FALSE
	EndGlobalSection
	GlobalSection(NestedProjects) = preSolution
		{CA578F54-6620-49C3-B961-FD448CF5C77F} = {10A1EEA8-FF62-44BB-BE48-E06ADE7168C4}
		{C2265EFA-55E1-40F6-8E1A-70315F18C033} = {94597997-8B65-4A37-9260-16A90AA63CC2}
		{5B67E914-34A8-4697-A646-C731DDCBA253} = {94597997-8B65-4A37-9260-16A90AA63CC2}
		{4942E918-8069-47D1-A95E-D0C3B6D3815B} = {063F037C-37E5-4798-9EA7-EB615A8E2E8C}
		{246E7EE2-B164-4F59-A45A-F9A9D0D5C2CC} = {063F037C-37E5-4798-9EA7-EB615A8E2E8C}
		{04EBE62B-F57E-48B4-951F-A95FBFA29A30} = {CB412385-0F99-4073-9531-3CB51EEBF2BC}
		{8CFD52CA-1BEC-45B9-B551-E13F642B3410} = {CB412385-0F99-4073-9531-3CB51EEBF2BC}
	EndGlobalSection
	GlobalSection(ExtensibilityGlobals) = postSolution
		SolutionGuid = {9039490D-8278-40CE-AB5A-7A6D1856AB89}
	EndGlobalSection
EndGlobal
